
Microsoft Visual Studio Solution File, Format Version 12.00
# Visual Studio 15
VisualStudioVersion = 15.0.28010.2036
MinimumVisualStudioVersion = 10.0.40219.1
Project("{FAE04EC0-301F-11D3-BF4B-00C04F79EFBC}") = "Asg3-axs175430", "Asg3-axs175430\Asg3-axs175430.csproj", "{7FF30ABF-3EEF-480C-A3F5-E71E687BECC6}"
EndProject
Global
	GlobalSection(SolutionConfigurationPlatforms) = preSolution
		Debug|Any CPU = Debug|Any CPU
		Release|Any CPU = Release|Any CPU
	EndGlobalSection
	GlobalSection(ProjectConfigurationPlatforms) = postSolution
		{7FF30ABF-3EEF-480C-A3F5-E71E687BECC6}.Debug|Any CPU.ActiveCfg = Debug|Any CPU
		{7FF30ABF-3EEF-480C-A3F5-E71E687BECC6}.Debug|Any CPU.Build.0 = Debug|Any CPU
		{7FF30ABF-3EEF-480C-A3F5-E71E687BECC6}.Release|Any CPU.ActiveCfg = Release|Any CPU
		{7FF30ABF-3EEF-480C-A3F5-E71E687BECC6}.Release|Any CPU.Build.0 = Release|Any CPU
	EndGlobalSection
	GlobalSection(SolutionProperties) = preSolution
		HideSolutionNode = FALSE
	EndGlobalSection
	GlobalSection(ExtensibilityGlobals) = postSolution
		SolutionGuid = {F8CC478B-BD27-4C34-AAA8-3B47396BFE8D}
	EndGlobalSection
EndGlobal
